
Microsoft Visual Studio Solution File, Format Version 12.00
# Visual Studio Version 17
VisualStudioVersion = 17.7.34031.279
MinimumVisualStudioVersion = 10.0.40219.1
Project("{FAE04EC0-301F-11D3-BF4B-00C04F79EFBC}") = "PWEB_2324", "PWEB_2324\PWEB_2324.csproj", "{9B6B2DAA-C9AF-41E8-915C-E6816A984A9B}"
EndProject
Global
	GlobalSection(SolutionConfigurationPlatforms) = preSolution
		Debug|Any CPU = Debug|Any CPU
		Release|Any CPU = Release|Any CPU
	EndGlobalSection
	GlobalSection(ProjectConfigurationPlatforms) = postSolution
		{9B6B2DAA-C9AF-41E8-915C-E6816A984A9B}.Debug|Any CPU.ActiveCfg = Debug|Any CPU
		{9B6B2DAA-C9AF-41E8-915C-E6816A984A9B}.Debug|Any CPU.Build.0 = Debug|Any CPU
		{9B6B2DAA-C9AF-41E8-915C-E6816A984A9B}.Release|Any CPU.ActiveCfg = Release|Any CPU
		{9B6B2DAA-C9AF-41E8-915C-E6816A984A9B}.Release|Any CPU.Build.0 = Release|Any CPU
	EndGlobalSection
	GlobalSection(SolutionProperties) = preSolution
		HideSolutionNode = FALSE
	EndGlobalSection
	GlobalSection(ExtensibilityGlobals) = postSolution
		SolutionGuid = {130F9E6B-2F1F-44B4-8DCA-3E189AFEA8C6}
	EndGlobalSection
EndGlobal
